Microsoft Visual Studio Solution File, Format Version 12.00
# Visual Studio Version 17
VisualStudioVersion = 17.0.31314.256
MinimumVisualStudioVersion = 10.0.40219.1
Project("{2150E333-8FDC-42A3-9474-1A3956D46DE8}") = "Automation", "Automation", "{0BFBE63A-B98A-3411-8EEB-8918FEC737B3}"
EndProject
Project("{2150E333-8FDC-42A3-9474-1A3956D46DE8}") = "Engine", "Engine", "{233774A8-CC9D-3FA9-86D1-90573E92B704}"
EndProject
Project("{2150E333-8FDC-42A3-9474-1A3956D46DE8}") = "Games", "Games", "{DE1F8B53-6C02-3C13-9101-A7C8D96F3FF6}"
EndProject
Project("{2150E333-8FDC-42A3-9474-1A3956D46DE8}") = "Programs", "Programs", "{A338B9E2-A559-34BE-A46D-F789DD488FAD}"
EndProject
Project("{2150E333-8FDC-42A3-9474-1A3956D46DE8}") = "Rules", "Rules", "{C2F57ECE-B26F-39D8-BDA7-C1D40BD8F180}"
EndProject
Project("{2150E333-8FDC-42A3-9474-1A3956D46DE8}") = "Shared", "Shared", "{57713676-9DBE-331C-AD10-26632AC9EE0C}"
EndProject
Project("{2150E333-8FDC-42A3-9474-1A3956D46DE8}") = "UnrealBuildTool.Plugins", "UnrealBuildTool.Plugins", "{7B5CFB44-F0FB-31DF-AE62-C3C096A29A7B}"
EndProject
Project("{8BC9CEB8-8B4A-11D0-8D11-00A0C91BC942}") = "arcgisTest", "Intermediate\ProjectFiles\arcgisTest.vcxproj", "{1859B418-BA68-3C59-A40B-9A7D1A493AC4}"
	ProjectSection(ProjectDependencies) = postProject
		{9B435175-F146-3A23-94F9-8AE68F08604F} = {9B435175-F146-3A23-94F9-8AE68F08604F}
	EndProjectSection
EndProject
Project("{8BC9CEB8-8B4A-11D0-8D11-00A0C91BC942}") = "UE5", "Intermediate\ProjectFiles\UE5.vcxproj", "{B0ABBF80-7A70-370B-8AD4-8BDF486D7A19}"
EndProject
Project("{FAE04EC0-301F-11D3-BF4B-00C04F79EFBC}") = "UnrealBuildTool", "..\..\ue\UE_5.3\Engine\Source\Programs\UnrealBuildTool\UnrealBuildTool.csproj", "{9B435175-F146-3A23-94F9-8AE68F08604F}"
EndProject
Project("{FAE04EC0-301F-11D3-BF4B-00C04F79EFBC}") = "AutomationTool", "..\..\ue\UE_5.3\Engine\Source\Programs\AutomationTool\AutomationTool.csproj", "{D2222733-26F0-33C6-97F1-16B4A17694C5}"
EndProject
Project("{FAE04EC0-301F-11D3-BF4B-00C04F79EFBC}") = "Android.Automation", "..\..\ue\UE_5.3\Engine\Source\Programs\AutomationTool\Android\Android.Automation.csproj", "{48987065-ECD2-3330-A142-AAAC4ADC5AED}"
EndProject
Project("{FAE04EC0-301F-11D3-BF4B-00C04F79EFBC}") = "Apple.Automation", "..\..\ue\UE_5.3\Engine\Source\Programs\AutomationTool\Apple\Apple.Automation.csproj", "{27476370-02DB-391E-A835-8A07F91C2A55}"
EndProject
Project("{FAE04EC0-301F-11D3-BF4B-00C04F79EFBC}") = "AutomationUtils.Automation", "..\..\ue\UE_5.3\Engine\Source\Programs\AutomationTool\AutomationUtils\AutomationUtils.Automation.csproj", "{9143E8A8-0714-3D51-B37A-F5B6157AB887}"
EndProject
Project("{FAE04EC0-301F-11D3-BF4B-00C04F79EFBC}") = "BuildGraph.Automation", "..\..\ue\UE_5.3\Engine\Source\Programs\AutomationTool\BuildGraph\BuildGraph.Automation.csproj", "{476D893A-E242-303B-8EE8-DB43668D4DAF}"
EndProject
Project("{FAE04EC0-301F-11D3-BF4B-00C04F79EFBC}") = "CookedEditor.Automation", "..\..\ue\UE_5.3\Engine\Source\Programs\AutomationTool\CookedEditor\CookedEditor.Automation.csproj", "{B70A843C-3C2B-3823-B890-3CCB6964166B}"
EndProject
Project("{FAE04EC0-301F-11D3-BF4B-00C04F79EFBC}") = "CrowdinLocalization.Automation", "..\..\ue\UE_5.3\Engine\Source\Programs\AutomationTool\CrowdinLocalization\CrowdinLocalization.Automation.csproj", "{92D4E98E-57C6-3C46-829E-C415374C371E}"
EndProject
Project("{FAE04EC0-301F-11D3-BF4B-00C04F79EFBC}") = "Gauntlet.Automation", "..\..\ue\UE_5.3\Engine\Source\Programs\AutomationTool\Gauntlet\Gauntlet.Automation.csproj", "{BF021678-7656-30C2-9023-93A6025F653D}"
EndProject
Project("{FAE04EC0-301F-11D3-BF4B-00C04F79EFBC}") = "IOS.Automation", "..\..\ue\UE_5.3\Engine\Source\Programs\AutomationTool\IOS\IOS.Automation.csproj", "{B2367951-2621-3D77-9D95-047253BF3EEC}"
EndProject
Project("{FAE04EC0-301F-11D3-BF4B-00C04F79EFBC}") = "Linux.Automation", "..\..\ue\UE_5.3\Engine\Source\Programs\AutomationTool\Linux\Linux.Automation.csproj", "{28A8C3C7-DFED-3D7E-9EB9-673F4A7456E2}"
EndProject
Project("{FAE04EC0-301F-11D3-BF4B-00C04F79EFBC}") = "Localization.Automation", "..\..\ue\UE_5.3\Engine\Source\Programs\AutomationTool\Localization\Localization.Automation.csproj", "{542D3E42-5687-3F71-A819-FA45D74D05E5}"
EndProject
Project("{FAE04EC0-301F-11D3-BF4B-00C04F79EFBC}") = "LowLevelTests.Automation", "..\..\ue\UE_5.3\Engine\Source\Programs\AutomationTool\LowLevelTests\LowLevelTests.Automation.csproj", "{07E601FD-0CC2-37F9-9D51-68290249416D}"
EndProject
Project("{FAE04EC0-301F-11D3-BF4B-00C04F79EFBC}") = "Mac.Automation", "..\..\ue\UE_5.3\Engine\Source\Programs\AutomationTool\Mac\Mac.Automation.csproj", "{3E8B4C0E-B5A0-300F-9975-3BAFD698E450}"
EndProject
Project("{FAE04EC0-301F-11D3-BF4B-00C04F79EFBC}") = "OneSkyLocalization.Automation", "..\..\ue\UE_5.3\Engine\Source\Programs\AutomationTool\OneSkyLocalization\OneSkyLocalization.Automation.csproj", "{E13A6A12-B4CB-3323-960E-48718CD5DDA2}"
EndProject
Project("{FAE04EC0-301F-11D3-BF4B-00C04F79EFBC}") = "AutomationScripts.Automation", "..\..\ue\UE_5.3\Engine\Source\Programs\AutomationTool\Scripts\AutomationScripts.Automation.csproj", "{5D8DA813-F90D-3291-83EB-C74F66438F65}"
EndProject
Project("{FAE04EC0-301F-11D3-BF4B-00C04F79EFBC}") = "SmartlingLocalization.Automation", "..\..\ue\UE_5.3\Engine\Source\Programs\AutomationTool\SmartlingLocalization\SmartlingLocalization.Automation.csproj", "{B527ADDF-AF13-37C4-9EAC-1AB72AEB8F50}"
EndProject
Project("{FAE04EC0-301F-11D3-BF4B-00C04F79EFBC}") = "SteamDeck.Automation", "..\..\ue\UE_5.3\Engine\Source\Programs\AutomationTool\SteamDeck\SteamDeck.Automation.csproj", "{2570FCB1-2116-3806-857D-110B4BBE3461}"
EndProject
Project("{FAE04EC0-301F-11D3-BF4B-00C04F79EFBC}") = "TVOS.Automation", "..\..\ue\UE_5.3\Engine\Source\Programs\AutomationTool\TVOS\TVOS.Automation.csproj", "{CA6B880A-18EC-3BBD-9118-DC945723DB3A}"
EndProject
Project("{FAE04EC0-301F-11D3-BF4B-00C04F79EFBC}") = "Turnkey.Automation", "..\..\ue\UE_5.3\Engine\Source\Programs\AutomationTool\Turnkey\Turnkey.Automation.csproj", "{8A3630C4-D5D4-3D1E-B594-1FA7EB61B9FB}"
EndProject
Project("{FAE04EC0-301F-11D3-BF4B-00C04F79EFBC}") = "Win.Automation", "..\..\ue\UE_5.3\Engine\Source\Programs\AutomationTool\Win\Win.Automation.csproj", "{D22EFD08-2091-3C86-8A7E-A6C2B4C7595A}"
EndProject
Project("{FAE04EC0-301F-11D3-BF4B-00C04F79EFBC}") = "XLocLocalization.Automation", "..\..\ue\UE_5.3\Engine\Source\Programs\AutomationTool\XLocLocalization\XLocLocalization.Automation.csproj", "{6D432EAD-52CD-37C2-BB34-2E4F15D5A261}"
EndProject
Project("{FAE04EC0-301F-11D3-BF4B-00C04F79EFBC}") = "ScriptGeneratorUbtPlugin.ubtplugin", "..\..\ue\UE_5.3\Engine\Plugins\ScriptPlugin\Source\ScriptGeneratorUbtPlugin\ScriptGeneratorUbtPlugin.ubtplugin.csproj", "{612CDCB2-0C80-3295-9A05-D17E4A4B9F43}"
EndProject
Project("{FAE04EC0-301F-11D3-BF4B-00C04F79EFBC}") = "EpicGames.AspNet", "..\..\ue\UE_5.3\Engine\Source\Programs\Shared\EpicGames.AspNet\EpicGames.AspNet.csproj", "{E4C17E68-B850-39D9-B3BE-F413FBADC84E}"
EndProject
Project("{FAE04EC0-301F-11D3-BF4B-00C04F79EFBC}") = "EpicGames.Box", "..\..\ue\UE_5.3\Engine\Source\Programs\Shared\EpicGames.Box\EpicGames.Box.csproj", "{A4233639-82F7-3A5F-B24E-977C27021461}"
EndProject
Project("{FAE04EC0-301F-11D3-BF4B-00C04F79EFBC}") = "EpicGames.Build", "..\..\ue\UE_5.3\Engine\Source\Programs\Shared\EpicGames.Build\EpicGames.Build.csproj", "{E88EE22D-EDCF-3C82-B4AD-36EC374D3537}"
EndProject
Project("{FAE04EC0-301F-11D3-BF4B-00C04F79EFBC}") = "EpicGames.BuildGraph", "..\..\ue\UE_5.3\Engine\Source\Programs\Shared\EpicGames.BuildGraph\EpicGames.BuildGraph.csproj", "{36F5DA53-3B83-3682-BEA3-3C1BFDB7E287}"
EndProject
Project("{FAE04EC0-301F-11D3-BF4B-00C04F79EFBC}") = "EpicGames.Core", "..\..\ue\UE_5.3\Engine\Source\Programs\Shared\EpicGames.Core\EpicGames.Core.csproj", "{7E2081AB-81E0-3F3E-BF04-2C490FA1871F}"
EndProject
Project("{FAE04EC0-301F-11D3-BF4B-00C04F79EFBC}") = "EpicGames.Horde", "..\..\ue\UE_5.3\Engine\Source\Programs\Shared\EpicGames.Horde\EpicGames.Horde.csproj", "{0487A234-E78E-33DF-BEE8-92B51C5BBD1C}"
EndProject
Project("{FAE04EC0-301F-11D3-BF4B-00C04F79EFBC}") = "EpicGames.IoHash", "..\..\ue\UE_5.3\Engine\Source\Programs\Shared\EpicGames.IoHash\EpicGames.IoHash.csproj", "{F752C406-01FE-31B9-9F06-6F6BE3F98AD8}"
EndProject
Project("{FAE04EC0-301F-11D3-BF4B-00C04F79EFBC}") = "EpicGames.Jupiter", "..\..\ue\UE_5.3\Engine\Source\Programs\Shared\EpicGames.Jupiter\EpicGames.Jupiter.csproj", "{70E32A16-8690-32AC-9B94-08B175CFC2ED}"
EndProject
Project("{FAE04EC0-301F-11D3-BF4B-00C04F79EFBC}") = "EpicGames.MongoDB", "..\..\ue\UE_5.3\Engine\Source\Programs\Shared\EpicGames.MongoDB\EpicGames.MongoDB.csproj", "{C917DD70-43D1-3E7A-B8F3-94685679D7A3}"
EndProject
Project("{FAE04EC0-301F-11D3-BF4B-00C04F79EFBC}") = "EpicGames.MsBuild", "..\..\ue\UE_5.3\Engine\Source\Programs\Shared\EpicGames.MsBuild\EpicGames.MsBuild.csproj", "{2E05F4F8-7DE7-386E-8D2D-C795D0B1C9BF}"
EndProject
Project("{FAE04EC0-301F-11D3-BF4B-00C04F79EFBC}") = "EpicGames.OIDC", "..\..\ue\UE_5.3\Engine\Source\Programs\Shared\EpicGames.OIDC\EpicGames.OIDC.csproj", "{9E1F914D-9439-3F52-8C51-AE82F7D37791}"
EndProject
Project("{FAE04EC0-301F-11D3-BF4B-00C04F79EFBC}") = "EpicGames.Oodle", "..\..\ue\UE_5.3\Engine\Source\Programs\Shared\EpicGames.Oodle\EpicGames.Oodle.csproj", "{C3D177F6-DC6F-3F7D-84AB-FE8DE2DD2AC3}"
EndProject
Project("{FAE04EC0-301F-11D3-BF4B-00C04F79EFBC}") = "EpicGames.Perforce", "..\..\ue\UE_5.3\Engine\Source\Programs\Shared\EpicGames.Perforce\EpicGames.Perforce.csproj", "{212427B4-202D-3C3D-920F-A92E71AE64DD}"
EndProject
Project("{FAE04EC0-301F-11D3-BF4B-00C04F79EFBC}") = "EpicGames.Perforce.Fixture", "..\..\ue\UE_5.3\Engine\Source\Programs\Shared\EpicGames.Perforce.Fixture\EpicGames.Perforce.Fixture.csproj", "{0CBA985F-F88D-3147-9D36-035B3634AD26}"
EndProject
Project("{FAE04EC0-301F-11D3-BF4B-00C04F79EFBC}") = "EpicGames.Perforce.Managed", "..\..\ue\UE_5.3\Engine\Source\Programs\Shared\EpicGames.Perforce.Managed\EpicGames.Perforce.Managed.csproj", "{E6689582-91BE-3B67-B760-F0D343106404}"
EndProject
Project("{FAE04EC0-301F-11D3-BF4B-00C04F79EFBC}") = "EpicGames.Redis", "..\..\ue\UE_5.3\Engine\Source\Programs\Shared\EpicGames.Redis\EpicGames.Redis.csproj", "{490EE6BA-0F4E-388F-BB7D-CB2E9D8909B1}"
EndProject
Project("{FAE04EC0-301F-11D3-BF4B-00C04F79EFBC}") = "EpicGames.Serialization", "..\..\ue\UE_5.3\Engine\Source\Programs\Shared\EpicGames.Serialization\EpicGames.Serialization.csproj", "{DF859B96-56FF-3870-B384-F01A305F4B6E}"
EndProject
Project("{FAE04EC0-301F-11D3-BF4B-00C04F79EFBC}") = "EpicGames.Slack", "..\..\ue\UE_5.3\Engine\Source\Programs\Shared\EpicGames.Slack\EpicGames.Slack.csproj", "{40C3B1B6-4720-38FA-9E01-D680A244F7EC}"
EndProject
Project("{FAE04EC0-301F-11D3-BF4B-00C04F79EFBC}") = "EpicGames.Tracing", "..\..\ue\UE_5.3\Engine\Source\Programs\Shared\EpicGames.Tracing\EpicGames.Tracing.csproj", "{AA30929E-CD33-3527-8A5A-668267E84969}"
EndProject
Project("{FAE04EC0-301F-11D3-BF4B-00C04F79EFBC}") = "EpicGames.UHT", "..\..\ue\UE_5.3\Engine\Source\Programs\Shared\EpicGames.UHT\EpicGames.UHT.csproj", "{12372838-E759-36B0-AF32-32A1AF004E8C}"
EndProject
Project("{9A19103F-16F7-4668-BE54-9A1E7A4F7556}") = "arcgisTestModuleRules", "Intermediate\Build\BuildRulesProjects\arcgisTestModuleRules\arcgisTestModuleRules.csproj", "{9A26AF0D-EB29-3DE3-83CF-1A4F7BCDE150}"
EndProject
Project("{FAE04EC0-301F-11D3-BF4B-00C04F79EFBC}") = "MarketplaceRules", "..\..\ue\UE_5.3\Engine\Intermediate\Build\BuildRulesProjects\MarketplaceRules\MarketplaceRules.csproj", "{F39F8D0C-6695-326E-A944-C9B94D44C891}"
EndProject
Project("{FAE04EC0-301F-11D3-BF4B-00C04F79EFBC}") = "UE5ProgramRules", "..\..\ue\UE_5.3\Engine\Intermediate\Build\BuildRulesProjects\UE5ProgramRules\UE5ProgramRules.csproj", "{0A64F9B6-BAB1-3E50-830D-07440344D7F3}"
EndProject
Project("{FAE04EC0-301F-11D3-BF4B-00C04F79EFBC}") = "UE5Rules", "..\..\ue\UE_5.3\Engine\Intermediate\Build\BuildRulesProjects\UE5Rules\UE5Rules.csproj", "{04FE0F2F-3A3E-3B61-B76F-EF07FEED658C}"
EndProject
Project("{2150E333-8FDC-42A3-9474-1A3956D46DE8}") = "Visualizers", "Visualizers", "{1CCEC849-CC72-4C59-8C36-2F7C38706D4C}"
	ProjectSection(SolutionItems) = preProject
		..\..\ue\UE_5.3\Engine\Extras\VisualStudioDebugging\Unreal.natstepfilter = ..\..\ue\UE_5.3\Engine\Extras\VisualStudioDebugging\Unreal.natstepfilter
		..\..\ue\UE_5.3\Engine\Extras\VisualStudioDebugging\Unreal.natvis = ..\..\ue\UE_5.3\Engine\Extras\VisualStudioDebugging\Unreal.natvis
	EndProjectSection
EndProject
Global
	GlobalSection(SolutionConfigurationPlatforms) = preSolution
		DebugGame Editor|Win64 = DebugGame Editor|Win64
		DebugGame|Win64 = DebugGame|Win64
		Development Editor|Win64 = Development Editor|Win64
		Development|Win64 = Development|Win64
		Shipping|Win64 = Shipping|Win64
	EndGlobalSection
	GlobalSection(ProjectConfigurationPlatforms) = postSolution
		{1859B418-BA68-3C59-A40B-9A7D1A493AC4}.DebugGame Editor|Win64.ActiveCfg = DebugGame_Editor|x64
		{1859B418-BA68-3C59-A40B-9A7D1A493AC4}.DebugGame Editor|Win64.Build.0 = DebugGame_Editor|x64
		{1859B418-BA68-3C59-A40B-9A7D1A493AC4}.DebugGame|Win64.ActiveCfg = DebugGame|x64
		{1859B418-BA68-3C59-A40B-9A7D1A493AC4}.DebugGame|Win64.Build.0 = DebugGame|x64
		{1859B418-BA68-3C59-A40B-9A7D1A493AC4}.Development Editor|Win64.ActiveCfg = Development_Editor|x64
		{1859B418-BA68-3C59-A40B-9A7D1A493AC4}.Development Editor|Win64.Build.0 = Development_Editor|x64
		{1859B418-BA68-3C59-A40B-9A7D1A493AC4}.Development|Win64.ActiveCfg = Development|x64
		{1859B418-BA68-3C59-A40B-9A7D1A493AC4}.Development|Win64.Build.0 = Development|x64
		{1859B418-BA68-3C59-A40B-9A7D1A493AC4}.Shipping|Win64.ActiveCfg = Shipping|x64
		{1859B418-BA68-3C59-A40B-9A7D1A493AC4}.Shipping|Win64.Build.0 = Shipping|x64
		{B0ABBF80-7A70-370B-8AD4-8BDF486D7A19}.DebugGame Editor|Win64.ActiveCfg = BuiltWithUnrealBuildTool|Win64
		{B0ABBF80-7A70-370B-8AD4-8BDF486D7A19}.DebugGame|Win64.ActiveCfg = BuiltWithUnrealBuildTool|Win64
		{B0ABBF80-7A70-370B-8AD4-8BDF486D7A19}.Development Editor|Win64.ActiveCfg = BuiltWithUnrealBuildTool|Win64
		{B0ABBF80-7A70-370B-8AD4-8BDF486D7A19}.Development|Win64.ActiveCfg = BuiltWithUnrealBuildTool|Win64
		{B0ABBF80-7A70-370B-8AD4-8BDF486D7A19}.Shipping|Win64.ActiveCfg = BuiltWithUnrealBuildTool|Win64
		{9B435175-F146-3A23-94F9-8AE68F08604F}.DebugGame Editor|Win64.ActiveCfg = Development|Any CPU
		{9B435175-F146-3A23-94F9-8AE68F08604F}.DebugGame Editor|Win64.Build.0 = Development|Any CPU
		{9B435175-F146-3A23-94F9-8AE68F08604F}.DebugGame|Win64.ActiveCfg = Development|Any CPU
		{9B435175-F146-3A23-94F9-8AE68F08604F}.DebugGame|Win64.Build.0 = Development|Any CPU
		{9B435175-F146-3A23-94F9-8AE68F08604F}.Development Editor|Win64.ActiveCfg = Development|Any CPU
		{9B435175-F146-3A23-94F9-8AE68F08604F}.Development Editor|Win64.Build.0 = Development|Any CPU
		{9B435175-F146-3A23-94F9-8AE68F08604F}.Development|Win64.ActiveCfg = Development|Any CPU
		{9B435175-F146-3A23-94F9-8AE68F08604F}.Development|Win64.Build.0 = Development|Any CPU
		{9B435175-F146-3A23-94F9-8AE68F08604F}.Shipping|Win64.ActiveCfg = Development|Any CPU
		{9B435175-F146-3A23-94F9-8AE68F08604F}.Shipping|Win64.Build.0 = Development|Any CPU
		{D2222733-26F0-33C6-97F1-16B4A17694C5}.DebugGame Editor|Win64.ActiveCfg = Development|Any CPU
		{D2222733-26F0-33C6-97F1-16B4A17694C5}.DebugGame Editor|Win64.Build.0 = Development|Any CPU
		{D2222733-26F0-33C6-97F1-16B4A17694C5}.DebugGame|Win64.ActiveCfg = Development|Any CPU
		{D2222733-26F0-33C6-97F1-16B4A17694C5}.DebugGame|Win64.Build.0 = Development|Any CPU
		{D2222733-26F0-33C6-97F1-16B4A17694C5}.Development Editor|Win64.ActiveCfg = Development|Any CPU
		{D2222733-26F0-33C6-97F1-16B4A17694C5}.Development Editor|Win64.Build.0 = Development|Any CPU
		{D2222733-26F0-33C6-97F1-16B4A17694C5}.Development|Win64.ActiveCfg = Development|Any CPU
		{D2222733-26F0-33C6-97F1-16B4A17694C5}.Development|Win64.Build.0 = Development|Any CPU
		{D2222733-26F0-33C6-97F1-16B4A17694C5}.Shipping|Win64.ActiveCfg = Development|Any CPU
		{D2222733-26F0-33C6-97F1-16B4A17694C5}.Shipping|Win64.Build.0 = Development|Any CPU
		{48987065-ECD2-3330-A142-AAAC4ADC5AED}.DebugGame Editor|Win64.ActiveCfg = Development|Any CPU
		{48987065-ECD2-3330-A142-AAAC4ADC5AED}.DebugGame Editor|Win64.Build.0 = Development|Any CPU
		{48987065-ECD2-3330-A142-AAAC4ADC5AED}.DebugGame|Win64.ActiveCfg = Development|Any CPU
		{48987065-ECD2-3330-A142-AAAC4ADC5AED}.DebugGame|Win64.Build.0 = Development|Any CPU
		{48987065-ECD2-3330-A142-AAAC4ADC5AED}.Development Editor|Win64.ActiveCfg = Development|Any CPU
		{48987065-ECD2-3330-A142-AAAC4ADC5AED}.Development Editor|Win64.Build.0 = Development|Any CPU
		{48987065-ECD2-3330-A142-AAAC4ADC5AED}.Development|Win64.ActiveCfg = Development|Any CPU
		{48987065-ECD2-3330-A142-AAAC4ADC5AED}.Development|Win64.Build.0 = Development|Any CPU
		{48987065-ECD2-3330-A142-AAAC4ADC5AED}.Shipping|Win64.ActiveCfg = Development|Any CPU
		{48987065-ECD2-3330-A142-AAAC4ADC5AED}.Shipping|Win64.Build.0 = Development|Any CPU
		{27476370-02DB-391E-A835-8A07F91C2A55}.DebugGame Editor|Win64.ActiveCfg = Development|Any CPU
		{27476370-02DB-391E-A835-8A07F91C2A55}.DebugGame Editor|Win64.Build.0 = Development|Any CPU
		{27476370-02DB-391E-A835-8A07F91C2A55}.DebugGame|Win64.ActiveCfg = Development|Any CPU
		{27476370-02DB-391E-A835-8A07F91C2A55}.DebugGame|Win64.Build.0 = Development|Any CPU
		{27476370-02DB-391E-A835-8A07F91C2A55}.Development Editor|Win64.ActiveCfg = Development|Any CPU
		{27476370-02DB-391E-A835-8A07F91C2A55}.Development Editor|Win64.Build.0 = Development|Any CPU
		{27476370-02DB-391E-A835-8A07F91C2A55}.Development|Win64.ActiveCfg = Development|Any CPU
		{27476370-02DB-391E-A835-8A07F91C2A55}.Development|Win64.Build.0 = Development|Any CPU
		{27476370-02DB-391E-A835-8A07F91C2A55}.Shipping|Win64.ActiveCfg = Development|Any CPU
		{27476370-02DB-391E-A835-8A07F91C2A55}.Shipping|Win64.Build.0 = Development|Any CPU
		{9143E8A8-0714-3D51-B37A-F5B6157AB887}.DebugGame Editor|Win64.ActiveCfg = Development|Any CPU
		{9143E8A8-0714-3D51-B37A-F5B6157AB887}.DebugGame Editor|Win64.Build.0 = Development|Any CPU
		{9143E8A8-0714-3D51-B37A-F5B6157AB887}.DebugGame|Win64.ActiveCfg = Development|Any CPU
		{9143E8A8-0714-3D51-B37A-F5B6157AB887}.DebugGame|Win64.Build.0 = Development|Any CPU
		{9143E8A8-0714-3D51-B37A-F5B6157AB887}.Development Editor|Win64.ActiveCfg = Development|Any CPU
		{9143E8A8-0714-3D51-B37A-F5B6157AB887}.Development Editor|Win64.Build.0 = Development|Any CPU
		{9143E8A8-0714-3D51-B37A-F5B6157AB887}.Development|Win64.ActiveCfg = Development|Any CPU
		{9143E8A8-0714-3D51-B37A-F5B6157AB887}.Development|Win64.Build.0 = Development|Any CPU
		{9143E8A8-0714-3D51-B37A-F5B6157AB887}.Shipping|Win64.ActiveCfg = Development|Any CPU
		{9143E8A8-0714-3D51-B37A-F5B6157AB887}.Shipping|Win64.Build.0 = Development|Any CPU
		{476D893A-E242-303B-8EE8-DB43668D4DAF}.DebugGame Editor|Win64.ActiveCfg = Development|Any CPU
		{476D893A-E242-303B-8EE8-DB43668D4DAF}.DebugGame Editor|Win64.Build.0 = Development|Any CPU
		{476D893A-E242-303B-8EE8-DB43668D4DAF}.DebugGame|Win64.ActiveCfg = Development|Any CPU
		{476D893A-E242-303B-8EE8-DB43668D4DAF}.DebugGame|Win64.Build.0 = Development|Any CPU
		{476D893A-E242-303B-8EE8-DB43668D4DAF}.Development Editor|Win64.ActiveCfg = Development|Any CPU
		{476D893A-E242-303B-8EE8-DB43668D4DAF}.Development Editor|Win64.Build.0 = Development|Any CPU
		{476D893A-E242-303B-8EE8-DB43668D4DAF}.Development|Win64.ActiveCfg = Development|Any CPU
		{476D893A-E242-303B-8EE8-DB43668D4DAF}.Development|Win64.Build.0 = Development|Any CPU
		{476D893A-E242-303B-8EE8-DB43668D4DAF}.Shipping|Win64.ActiveCfg = Development|Any CPU
		{476D893A-E242-303B-8EE8-DB43668D4DAF}.Shipping|Win64.Build.0 = Development|Any CPU
		{B70A843C-3C2B-3823-B890-3CCB6964166B}.DebugGame Editor|Win64.ActiveCfg = Development|Any CPU
		{B70A843C-3C2B-3823-B890-3CCB6964166B}.DebugGame Editor|Win64.Build.0 = Development|Any CPU
		{B70A843C-3C2B-3823-B890-3CCB6964166B}.DebugGame|Win64.ActiveCfg = Development|Any CPU
		{B70A843C-3C2B-3823-B890-3CCB6964166B}.DebugGame|Win64.Build.0 = Development|Any CPU
		{B70A843C-3C2B-3823-B890-3CCB6964166B}.Development Editor|Win64.ActiveCfg = Development|Any CPU
		{B70A843C-3C2B-3823-B890-3CCB6964166B}.Development Editor|Win64.Build.0 = Development|Any CPU
		{B70A843C-3C2B-3823-B890-3CCB6964166B}.Development|Win64.ActiveCfg = Development|Any CPU
		{B70A843C-3C2B-3823-B890-3CCB6964166B}.Development|Win64.Build.0 = Development|Any CPU
		{B70A843C-3C2B-3823-B890-3CCB6964166B}.Shipping|Win64.ActiveCfg = Development|Any CPU
		{B70A843C-3C2B-3823-B890-3CCB6964166B}.Shipping|Win64.Build.0 = Development|Any CPU
		{92D4E98E-57C6-3C46-829E-C415374C371E}.DebugGame Editor|Win64.ActiveCfg = Development|Any CPU
		{92D4E98E-57C6-3C46-829E-C415374C371E}.DebugGame Editor|Win64.Build.0 = Development|Any CPU
		{92D4E98E-57C6-3C46-829E-C415374C371E}.DebugGame|Win64.ActiveCfg = Development|Any CPU
		{92D4E98E-57C6-3C46-829E-C415374C371E}.DebugGame|Win64.Build.0 = Development|Any CPU
		{92D4E98E-57C6-3C46-829E-C415374C371E}.Development Editor|Win64.ActiveCfg = Development|Any CPU
		{92D4E98E-57C6-3C46-829E-C415374C371E}.Development Editor|Win64.Build.0 = Development|Any CPU
		{92D4E98E-57C6-3C46-829E-C415374C371E}.Development|Win64.ActiveCfg = Development|Any CPU
		{92D4E98E-57C6-3C46-829E-C415374C371E}.Development|Win64.Build.0 = Development|Any CPU
		{92D4E98E-57C6-3C46-829E-C415374C371E}.Shipping|Win64.ActiveCfg = Development|Any CPU
		{92D4E98E-57C6-3C46-829E-C415374C371E}.Shipping|Win64.Build.0 = Development|Any CPU
		{BF021678-7656-30C2-9023-93A6025F653D}.DebugGame Editor|Win64.ActiveCfg = Development|Any CPU
		{BF021678-7656-30C2-9023-93A6025F653D}.DebugGame Editor|Win64.Build.0 = Development|Any CPU
		{BF021678-7656-30C2-9023-93A6025F653D}.DebugGame|Win64.ActiveCfg = Development|Any CPU
		{BF021678-7656-30C2-9023-93A6025F653D}.DebugGame|Win64.Build.0 = Development|Any CPU
		{BF021678-7656-30C2-9023-93A6025F653D}.Development Editor|Win64.ActiveCfg = Development|Any CPU
		{BF021678-7656-30C2-9023-93A6025F653D}.Development Editor|Win64.Build.0 = Development|Any CPU
		{BF021678-7656-30C2-9023-93A6025F653D}.Development|Win64.ActiveCfg = Development|Any CPU
		{BF021678-7656-30C2-9023-93A6025F653D}.Development|Win64.Build.0 = Development|Any CPU
		{BF021678-7656-30C2-9023-93A6025F653D}.Shipping|Win64.ActiveCfg = Development|Any CPU
		{BF021678-7656-30C2-9023-93A6025F653D}.Shipping|Win64.Build.0 = Development|Any CPU
		{B2367951-2621-3D77-9D95-047253BF3EEC}.DebugGame Editor|Win64.ActiveCfg = Development|Any CPU
		{B2367951-2621-3D77-9D95-047253BF3EEC}.DebugGame Editor|Win64.Build.0 = Development|Any CPU
		{B2367951-2621-3D77-9D95-047253BF3EEC}.DebugGame|Win64.ActiveCfg = Development|Any CPU
		{B2367951-2621-3D77-9D95-047253BF3EEC}.DebugGame|Win64.Build.0 = Development|Any CPU
		{B2367951-2621-3D77-9D95-047253BF3EEC}.Development Editor|Win64.ActiveCfg = Development|Any CPU
		{B2367951-2621-3D77-9D95-047253BF3EEC}.Development Editor|Win64.Build.0 = Development|Any CPU
		{B2367951-2621-3D77-9D95-047253BF3EEC}.Development|Win64.ActiveCfg = Development|Any CPU
		{B2367951-2621-3D77-9D95-047253BF3EEC}.Development|Win64.Build.0 = Development|Any CPU
		{B2367951-2621-3D77-9D95-047253BF3EEC}.Shipping|Win64.ActiveCfg = Development|Any CPU
		{B2367951-2621-3D77-9D95-047253BF3EEC}.Shipping|Win64.Build.0 = Development|Any CPU
		{28A8C3C7-DFED-3D7E-9EB9-673F4A7456E2}.DebugGame Editor|Win64.ActiveCfg = Development|Any CPU
		{28A8C3C7-DFED-3D7E-9EB9-673F4A7456E2}.DebugGame Editor|Win64.Build.0 = Development|Any CPU
		{28A8C3C7-DFED-3D7E-9EB9-673F4A7456E2}.DebugGame|Win64.ActiveCfg = Development|Any CPU
		{28A8C3C7-DFED-3D7E-9EB9-673F4A7456E2}.DebugGame|Win64.Build.0 = Development|Any CPU
		{28A8C3C7-DFED-3D7E-9EB9-673F4A7456E2}.Development Editor|Win64.ActiveCfg = Development|Any CPU
		{28A8C3C7-DFED-3D7E-9EB9-673F4A7456E2}.Development Editor|Win64.Build.0 = Development|Any CPU
		{28A8C3C7-DFED-3D7E-9EB9-673F4A7456E2}.Development|Win64.ActiveCfg = Development|Any CPU
		{28A8C3C7-DFED-3D7E-9EB9-673F4A7456E2}.Development|Win64.Build.0 = Development|Any CPU
		{28A8C3C7-DFED-3D7E-9EB9-673F4A7456E2}.Shipping|Win64.ActiveCfg = Development|Any CPU
		{28A8C3C7-DFED-3D7E-9EB9-673F4A7456E2}.Shipping|Win64.Build.0 = Development|Any CPU
		{542D3E42-5687-3F71-A819-FA45D74D05E5}.DebugGame Editor|Win64.ActiveCfg = Development|Any CPU
		{542D3E42-5687-3F71-A819-FA45D74D05E5}.DebugGame Editor|Win64.Build.0 = Development|Any CPU
		{542D3E42-5687-3F71-A819-FA45D74D05E5}.DebugGame|Win64.ActiveCfg = Development|Any CPU
		{542D3E42-5687-3F71-A819-FA45D74D05E5}.DebugGame|Win64.Build.0 = Development|Any CPU
		{542D3E42-5687-3F71-A819-FA45D74D05E5}.Development Editor|Win64.ActiveCfg = Development|Any CPU
		{542D3E42-5687-3F71-A819-FA45D74D05E5}.Development Editor|Win64.Build.0 = Development|Any CPU
		{542D3E42-5687-3F71-A819-FA45D74D05E5}.Development|Win64.ActiveCfg = Development|Any CPU
		{542D3E42-5687-3F71-A819-FA45D74D05E5}.Development|Win64.Build.0 = Development|Any CPU
		{542D3E42-5687-3F71-A819-FA45D74D05E5}.Shipping|Win64.ActiveCfg = Development|Any CPU
		{542D3E42-5687-3F71-A819-FA45D74D05E5}.Shipping|Win64.Build.0 = Development|Any CPU
		{07E601FD-0CC2-37F9-9D51-68290249416D}.DebugGame Editor|Win64.ActiveCfg = Development|Any CPU
		{07E601FD-0CC2-37F9-9D51-68290249416D}.DebugGame Editor|Win64.Build.0 = Development|Any CPU
		{07E601FD-0CC2-37F9-9D51-68290249416D}.DebugGame|Win64.ActiveCfg = Development|Any CPU
		{07E601FD-0CC2-37F9-9D51-68290249416D}.DebugGame|Win64.Build.0 = Development|Any CPU
		{07E601FD-0CC2-37F9-9D51-68290249416D}.Development Editor|Win64.ActiveCfg = Development|Any CPU
		{07E601FD-0CC2-37F9-9D51-68290249416D}.Development Editor|Win64.Build.0 = Development|Any CPU
		{07E601FD-0CC2-37F9-9D51-68290249416D}.Development|Win64.ActiveCfg = Development|Any CPU
		{07E601FD-0CC2-37F9-9D51-68290249416D}.Development|Win64.Build.0 = Development|Any CPU
		{07E601FD-0CC2-37F9-9D51-68290249416D}.Shipping|Win64.ActiveCfg = Development|Any CPU
		{07E601FD-0CC2-37F9-9D51-68290249416D}.Shipping|Win64.Build.0 = Development|Any CPU
		{3E8B4C0E-B5A0-300F-9975-3BAFD698E450}.DebugGame Editor|Win64.ActiveCfg = Development|Any CPU
		{3E8B4C0E-B5A0-300F-9975-3BAFD698E450}.DebugGame Editor|Win64.Build.0 = Development|Any CPU
		{3E8B4C0E-B5A0-300F-9975-3BAFD698E450}.DebugGame|Win64.ActiveCfg = Development|Any CPU
		{3E8B4C0E-B5A0-300F-9975-3BAFD698E450}.DebugGame|Win64.Build.0 = Development|Any CPU
		{3E8B4C0E-B5A0-300F-9975-3BAFD698E450}.Development Editor|Win64.ActiveCfg = Development|Any CPU
		{3E8B4C0E-B5A0-300F-9975-3BAFD698E450}.Development Editor|Win64.Build.0 = Development|Any CPU
		{3E8B4C0E-B5A0-300F-9975-3BAFD698E450}.Development|Win64.ActiveCfg = Development|Any CPU
		{3E8B4C0E-B5A0-300F-9975-3BAFD698E450}.Development|Win64.Build.0 = Development|Any CPU
		{3E8B4C0E-B5A0-300F-9975-3BAFD698E450}.Shipping|Win64.ActiveCfg = Development|Any CPU
		{3E8B4C0E-B5A0-300F-9975-3BAFD698E450}.Shipping|Win64.Build.0 = Development|Any CPU
		{E13A6A12-B4CB-3323-960E-48718CD5DDA2}.DebugGame Editor|Win64.ActiveCfg = Development|Any CPU
		{E13A6A12-B4CB-3323-960E-48718CD5DDA2}.DebugGame Editor|Win64.Build.0 = Development|Any CPU
		{E13A6A12-B4CB-3323-960E-48718CD5DDA2}.DebugGame|Win64.ActiveCfg = Development|Any CPU
		{E13A6A12-B4CB-3323-960E-48718CD5DDA2}.DebugGame|Win64.Build.0 = Development|Any CPU
		{E13A6A12-B4CB-3323-960E-48718CD5DDA2}.Development Editor|Win64.ActiveCfg = Development|Any CPU
		{E13A6A12-B4CB-3323-960E-48718CD5DDA2}.Development Editor|Win64.Build.0 = Development|Any CPU
		{E13A6A12-B4CB-3323-960E-48718CD5DDA2}.Development|Win64.ActiveCfg = Development|Any CPU
		{E13A6A12-B4CB-3323-960E-48718CD5DDA2}.Development|Win64.Build.0 = Development|Any CPU
		{E13A6A12-B4CB-3323-960E-48718CD5DDA2}.Shipping|Win64.ActiveCfg = Development|Any CPU
		{E13A6A12-B4CB-3323-960E-48718CD5DDA2}.Shipping|Win64.Build.0 = Development|Any CPU
		{5D8DA813-F90D-3291-83EB-C74F66438F65}.DebugGame Editor|Win64.ActiveCfg = Development|Any CPU
		{5D8DA813-F90D-3291-83EB-C74F66438F65}.DebugGame Editor|Win64.Build.0 = Development|Any CPU
		{5D8DA813-F90D-3291-83EB-C74F66438F65}.DebugGame|Win64.ActiveCfg = Development|Any CPU
		{5D8DA813-F90D-3291-83EB-C74F66438F65}.DebugGame|Win64.Build.0 = Development|Any CPU
		{5D8DA813-F90D-3291-83EB-C74F66438F65}.Development Editor|Win64.ActiveCfg = Development|Any CPU
		{5D8DA813-F90D-3291-83EB-C74F66438F65}.Development Editor|Win64.Build.0 = Development|Any CPU
		{5D8DA813-F90D-3291-83EB-C74F66438F65}.Development|Win64.ActiveCfg = Development|Any CPU
		{5D8DA813-F90D-3291-83EB-C74F66438F65}.Development|Win64.Build.0 = Development|Any CPU
		{5D8DA813-F90D-3291-83EB-C74F66438F65}.Shipping|Win64.ActiveCfg = Development|Any CPU
		{5D8DA813-F90D-3291-83EB-C74F66438F65}.Shipping|Win64.Build.0 = Development|Any CPU
		{B527ADDF-AF13-37C4-9EAC-1AB72AEB8F50}.DebugGame Editor|Win64.ActiveCfg = Development|Any CPU
		{B527ADDF-AF13-37C4-9EAC-1AB72AEB8F50}.DebugGame Editor|Win64.Build.0 = Development|Any CPU
		{B527ADDF-AF13-37C4-9EAC-1AB72AEB8F50}.DebugGame|Win64.ActiveCfg = Development|Any CPU
		{B527ADDF-AF13-37C4-9EAC-1AB72AEB8F50}.DebugGame|Win64.Build.0 = Development|Any CPU
		{B527ADDF-AF13-37C4-9EAC-1AB72AEB8F50}.Development Editor|Win64.ActiveCfg = Development|Any CPU
		{B527ADDF-AF13-37C4-9EAC-1AB72AEB8F50}.Development Editor|Win64.Build.0 = Development|Any CPU
		{B527ADDF-AF13-37C4-9EAC-1AB72AEB8F50}.Development|Win64.ActiveCfg = Development|Any CPU
		{B527ADDF-AF13-37C4-9EAC-1AB72AEB8F50}.Development|Win64.Build.0 = Development|Any CPU
		{B527ADDF-AF13-37C4-9EAC-1AB72AEB8F50}.Shipping|Win64.ActiveCfg = Development|Any CPU
		{B527ADDF-AF13-37C4-9EAC-1AB72AEB8F50}.Shipping|Win64.Build.0 = Development|Any CPU
		{2570FCB1-2116-3806-857D-110B4BBE3461}.DebugGame Editor|Win64.ActiveCfg = Development|Any CPU
		{2570FCB1-2116-3806-857D-110B4BBE3461}.DebugGame Editor|Win64.Build.0 = Development|Any CPU
		{2570FCB1-2116-3806-857D-110B4BBE3461}.DebugGame|Win64.ActiveCfg = Development|Any CPU
		{2570FCB1-2116-3806-857D-110B4BBE3461}.DebugGame|Win64.Build.0 = Development|Any CPU
		{2570FCB1-2116-3806-857D-110B4BBE3461}.Development Editor|Win64.ActiveCfg = Development|Any CPU
		{2570FCB1-2116-3806-857D-110B4BBE3461}.Development Editor|Win64.Build.0 = Development|Any CPU
		{2570FCB1-2116-3806-857D-110B4BBE3461}.Development|Win64.ActiveCfg = Development|Any CPU
		{2570FCB1-2116-3806-857D-110B4BBE3461}.Development|Win64.Build.0 = Development|Any CPU
		{2570FCB1-2116-3806-857D-110B4BBE3461}.Shipping|Win64.ActiveCfg = Development|Any CPU
		{2570FCB1-2116-3806-857D-110B4BBE3461}.Shipping|Win64.Build.0 = Development|Any CPU
		{CA6B880A-18EC-3BBD-9118-DC945723DB3A}.DebugGame Editor|Win64.ActiveCfg = Development|Any CPU
		{CA6B880A-18EC-3BBD-9118-DC945723DB3A}.DebugGame Editor|Win64.Build.0 = Development|Any CPU
		{CA6B880A-18EC-3BBD-9118-DC945723DB3A}.DebugGame|Win64.ActiveCfg = Development|Any CPU
		{CA6B880A-18EC-3BBD-9118-DC945723DB3A}.DebugGame|Win64.Build.0 = Development|Any CPU
		{CA6B880A-18EC-3BBD-9118-DC945723DB3A}.Development Editor|Win64.ActiveCfg = Development|Any CPU
		{CA6B880A-18EC-3BBD-9118-DC945723DB3A}.Development Editor|Win64.Build.0 = Development|Any CPU
		{CA6B880A-18EC-3BBD-9118-DC945723DB3A}.Development|Win64.ActiveCfg = Development|Any CPU
		{CA6B880A-18EC-3BBD-9118-DC945723DB3A}.Development|Win64.Build.0 = Development|Any CPU
		{CA6B880A-18EC-3BBD-9118-DC945723DB3A}.Shipping|Win64.ActiveCfg = Development|Any CPU
		{CA6B880A-18EC-3BBD-9118-DC945723DB3A}.Shipping|Win64.Build.0 = Development|Any CPU
		{8A3630C4-D5D4-3D1E-B594-1FA7EB61B9FB}.DebugGame Editor|Win64.ActiveCfg = Development|Any CPU
		{8A3630C4-D5D4-3D1E-B594-1FA7EB61B9FB}.DebugGame Editor|Win64.Build.0 = Development|Any CPU
		{8A3630C4-D5D4-3D1E-B594-1FA7EB61B9FB}.DebugGame|Win64.ActiveCfg = Development|Any CPU
		{8A3630C4-D5D4-3D1E-B594-1FA7EB61B9FB}.DebugGame|Win64.Build.0 = Development|Any CPU
		{8A3630C4-D5D4-3D1E-B594-1FA7EB61B9FB}.Development Editor|Win64.ActiveCfg = Development|Any CPU
		{8A3630C4-D5D4-3D1E-B594-1FA7EB61B9FB}.Development Editor|Win64.Build.0 = Development|Any CPU
		{8A3630C4-D5D4-3D1E-B594-1FA7EB61B9FB}.Development|Win64.ActiveCfg = Development|Any CPU
		{8A3630C4-D5D4-3D1E-B594-1FA7EB61B9FB}.Development|Win64.Build.0 = Development|Any CPU
		{8A3630C4-D5D4-3D1E-B594-1FA7EB61B9FB}.Shipping|Win64.ActiveCfg = Development|Any CPU
		{8A3630C4-D5D4-3D1E-B594-1FA7EB61B9FB}.Shipping|Win64.Build.0 = Development|Any CPU
		{D22EFD08-2091-3C86-8A7E-A6C2B4C7595A}.DebugGame Editor|Win64.ActiveCfg = Development|Any CPU
		{D22EFD08-2091-3C86-8A7E-A6C2B4C7595A}.DebugGame Editor|Win64.Build.0 = Development|Any CPU
		{D22EFD08-2091-3C86-8A7E-A6C2B4C7595A}.DebugGame|Win64.ActiveCfg = Development|Any CPU
		{D22EFD08-2091-3C86-8A7E-A6C2B4C7595A}.DebugGame|Win64.Build.0 = Development|Any CPU
		{D22EFD08-2091-3C86-8A7E-A6C2B4C7595A}.Development Editor|Win64.ActiveCfg = Development|Any CPU
		{D22EFD08-2091-3C86-8A7E-A6C2B4C7595A}.Development Editor|Win64.Build.0 = Development|Any CPU
		{D22EFD08-2091-3C86-8A7E-A6C2B4C7595A}.Development|Win64.ActiveCfg = Development|Any CPU
		{D22EFD08-2091-3C86-8A7E-A6C2B4C7595A}.Development|Win64.Build.0 = Development|Any CPU
		{D22EFD08-2091-3C86-8A7E-A6C2B4C7595A}.Shipping|Win64.ActiveCfg = Development|Any CPU
		{D22EFD08-2091-3C86-8A7E-A6C2B4C7595A}.Shipping|Win64.Build.0 = Development|Any CPU
		{6D432EAD-52CD-37C2-BB34-2E4F15D5A261}.DebugGame Editor|Win64.ActiveCfg = Development|Any CPU
		{6D432EAD-52CD-37C2-BB34-2E4F15D5A261}.DebugGame Editor|Win64.Build.0 = Development|Any CPU
		{6D432EAD-52CD-37C2-BB34-2E4F15D5A261}.DebugGame|Win64.ActiveCfg = Development|Any CPU
		{6D432EAD-52CD-37C2-BB34-2E4F15D5A261}.DebugGame|Win64.Build.0 = Development|Any CPU
		{6D432EAD-52CD-37C2-BB34-2E4F15D5A261}.Development Editor|Win64.ActiveCfg = Development|Any CPU
		{6D432EAD-52CD-37C2-BB34-2E4F15D5A261}.Development Editor|Win64.Build.0 = Development|Any CPU
		{6D432EAD-52CD-37C2-BB34-2E4F15D5A261}.Development|Win64.ActiveCfg = Development|Any CPU
		{6D432EAD-52CD-37C2-BB34-2E4F15D5A261}.Development|Win64.Build.0 = Development|Any CPU
		{6D432EAD-52CD-37C2-BB34-2E4F15D5A261}.Shipping|Win64.ActiveCfg = Development|Any CPU
		{6D432EAD-52CD-37C2-BB34-2E4F15D5A261}.Shipping|Win64.Build.0 = Development|Any CPU
		{612CDCB2-0C80-3295-9A05-D17E4A4B9F43}.DebugGame Editor|Win64.ActiveCfg = Development|Any CPU
		{612CDCB2-0C80-3295-9A05-D17E4A4B9F43}.DebugGame Editor|Win64.Build.0 = Development|Any CPU
		{612CDCB2-0C80-3295-9A05-D17E4A4B9F43}.DebugGame|Win64.ActiveCfg = Development|Any CPU
		{612CDCB2-0C80-3295-9A05-D17E4A4B9F43}.DebugGame|Win64.Build.0 = Development|Any CPU
		{612CDCB2-0C80-3295-9A05-D17E4A4B9F43}.Development Editor|Win64.ActiveCfg = Development|Any CPU
		{612CDCB2-0C80-3295-9A05-D17E4A4B9F43}.Development Editor|Win64.Build.0 = Development|Any CPU
		{612CDCB2-0C80-3295-9A05-D17E4A4B9F43}.Development|Win64.ActiveCfg = Development|Any CPU
		{612CDCB2-0C80-3295-9A05-D17E4A4B9F43}.Development|Win64.Build.0 = Development|Any CPU
		{612CDCB2-0C80-3295-9A05-D17E4A4B9F43}.Shipping|Win64.ActiveCfg = Development|Any CPU
		{612CDCB2-0C80-3295-9A05-D17E4A4B9F43}.Shipping|Win64.Build.0 = Development|Any CPU
		{E4C17E68-B850-39D9-B3BE-F413FBADC84E}.DebugGame Editor|Win64.ActiveCfg = Development|Any CPU
		{E4C17E68-B850-39D9-B3BE-F413FBADC84E}.DebugGame Editor|Win64.Build.0 = Development|Any CPU
		{E4C17E68-B850-39D9-B3BE-F413FBADC84E}.DebugGame|Win64.ActiveCfg = Development|Any CPU
		{E4C17E68-B850-39D9-B3BE-F413FBADC84E}.DebugGame|Win64.Build.0 = Development|Any CPU
		{E4C17E68-B850-39D9-B3BE-F413FBADC84E}.Development Editor|Win64.ActiveCfg = Development|Any CPU
		{E4C17E68-B850-39D9-B3BE-F413FBADC84E}.Development Editor|Win64.Build.0 = Development|Any CPU
		{E4C17E68-B850-39D9-B3BE-F413FBADC84E}.Development|Win64.ActiveCfg = Development|Any CPU
		{E4C17E68-B850-39D9-B3BE-F413FBADC84E}.Development|Win64.Build.0 = Development|Any CPU
		{E4C17E68-B850-39D9-B3BE-F413FBADC84E}.Shipping|Win64.ActiveCfg = Development|Any CPU
		{E4C17E68-B850-39D9-B3BE-F413FBADC84E}.Shipping|Win64.Build.0 = Development|Any CPU
		{A4233639-82F7-3A5F-B24E-977C27021461}.DebugGame Editor|Win64.ActiveCfg = Development|Any CPU
		{A4233639-82F7-3A5F-B24E-977C27021461}.DebugGame Editor|Win64.Build.0 = Development|Any CPU
		{A4233639-82F7-3A5F-B24E-977C27021461}.DebugGame|Win64.ActiveCfg = Development|Any CPU
		{A4233639-82F7-3A5F-B24E-977C27021461}.DebugGame|Win64.Build.0 = Development|Any CPU
		{A4233639-82F7-3A5F-B24E-977C27021461}.Development Editor|Win64.ActiveCfg = Development|Any CPU
		{A4233639-82F7-3A5F-B24E-977C27021461}.Development Editor|Win64.Build.0 = Development|Any CPU
		{A4233639-82F7-3A5F-B24E-977C27021461}.Development|Win64.ActiveCfg = Development|Any CPU
		{A4233639-82F7-3A5F-B24E-977C27021461}.Development|Win64.Build.0 = Development|Any CPU
		{A4233639-82F7-3A5F-B24E-977C27021461}.Shipping|Win64.ActiveCfg = Development|Any CPU
		{A4233639-82F7-3A5F-B24E-977C27021461}.Shipping|Win64.Build.0 = Development|Any CPU
		{E88EE22D-EDCF-3C82-B4AD-36EC374D3537}.DebugGame Editor|Win64.ActiveCfg = Development|Any CPU
		{E88EE22D-EDCF-3C82-B4AD-36EC374D3537}.DebugGame Editor|Win64.Build.0 = Development|Any CPU
		{E88EE22D-EDCF-3C82-B4AD-36EC374D3537}.DebugGame|Win64.ActiveCfg = Development|Any CPU
		{E88EE22D-EDCF-3C82-B4AD-36EC374D3537}.DebugGame|Win64.Build.0 = Development|Any CPU
		{E88EE22D-EDCF-3C82-B4AD-36EC374D3537}.Development Editor|Win64.ActiveCfg = Development|Any CPU
		{E88EE22D-EDCF-3C82-B4AD-36EC374D3537}.Development Editor|Win64.Build.0 = Development|Any CPU
		{E88EE22D-EDCF-3C82-B4AD-36EC374D3537}.Development|Win64.ActiveCfg = Development|Any CPU
		{E88EE22D-EDCF-3C82-B4AD-36EC374D3537}.Development|Win64.Build.0 = Development|Any CPU
		{E88EE22D-EDCF-3C82-B4AD-36EC374D3537}.Shipping|Win64.ActiveCfg = Development|Any CPU
		{E88EE22D-EDCF-3C82-B4AD-36EC374D3537}.Shipping|Win64.Build.0 = Development|Any CPU
		{36F5DA53-3B83-3682-BEA3-3C1BFDB7E287}.DebugGame Editor|Win64.ActiveCfg = Development|Any CPU
		{36F5DA53-3B83-3682-BEA3-3C1BFDB7E287}.DebugGame Editor|Win64.Build.0 = Development|Any CPU
		{36F5DA53-3B83-3682-BEA3-3C1BFDB7E287}.DebugGame|Win64.ActiveCfg = Development|Any CPU
		{36F5DA53-3B83-3682-BEA3-3C1BFDB7E287}.DebugGame|Win64.Build.0 = Development|Any CPU
		{36F5DA53-3B83-3682-BEA3-3C1BFDB7E287}.Development Editor|Win64.ActiveCfg = Development|Any CPU
		{36F5DA53-3B83-3682-BEA3-3C1BFDB7E287}.Development Editor|Win64.Build.0 = Development|Any CPU
		{36F5DA53-3B83-3682-BEA3-3C1BFDB7E287}.Development|Win64.ActiveCfg = Development|Any CPU
		{36F5DA53-3B83-3682-BEA3-3C1BFDB7E287}.Development|Win64.Build.0 = Development|Any CPU
		{36F5DA53-3B83-3682-BEA3-3C1BFDB7E287}.Shipping|Win64.ActiveCfg = Development|Any CPU
		{36F5DA53-3B83-3682-BEA3-3C1BFDB7E287}.Shipping|Win64.Build.0 = Development|Any CPU
		{7E2081AB-81E0-3F3E-BF04-2C490FA1871F}.DebugGame Editor|Win64.ActiveCfg = Development|Any CPU
		{7E2081AB-81E0-3F3E-BF04-2C490FA1871F}.DebugGame Editor|Win64.Build.0 = Development|Any CPU
		{7E2081AB-81E0-3F3E-BF04-2C490FA1871F}.DebugGame|Win64.ActiveCfg = Development|Any CPU
		{7E2081AB-81E0-3F3E-BF04-2C490FA1871F}.DebugGame|Win64.Build.0 = Development|Any CPU
		{7E2081AB-81E0-3F3E-BF04-2C490FA1871F}.Development Editor|Win64.ActiveCfg = Development|Any CPU
		{7E2081AB-81E0-3F3E-BF04-2C490FA1871F}.Development Editor|Win64.Build.0 = Development|Any CPU
		{7E2081AB-81E0-3F3E-BF04-2C490FA1871F}.Development|Win64.ActiveCfg = Development|Any CPU
		{7E2081AB-81E0-3F3E-BF04-2C490FA1871F}.Development|Win64.Build.0 = Development|Any CPU
		{7E2081AB-81E0-3F3E-BF04-2C490FA1871F}.Shipping|Win64.ActiveCfg = Development|Any CPU
		{7E2081AB-81E0-3F3E-BF04-2C490FA1871F}.Shipping|Win64.Build.0 = Development|Any CPU
		{0487A234-E78E-33DF-BEE8-92B51C5BBD1C}.DebugGame Editor|Win64.ActiveCfg = Development|Any CPU
		{0487A234-E78E-33DF-BEE8-92B51C5BBD1C}.DebugGame Editor|Win64.Build.0 = Development|Any CPU
		{0487A234-E78E-33DF-BEE8-92B51C5BBD1C}.DebugGame|Win64.ActiveCfg = Development|Any CPU
		{0487A234-E78E-33DF-BEE8-92B51C5BBD1C}.DebugGame|Win64.Build.0 = Development|Any CPU
		{0487A234-E78E-33DF-BEE8-92B51C5BBD1C}.Development Editor|Win64.ActiveCfg = Development|Any CPU
		{0487A234-E78E-33DF-BEE8-92B51C5BBD1C}.Development Editor|Win64.Build.0 = Development|Any CPU
		{0487A234-E78E-33DF-BEE8-92B51C5BBD1C}.Development|Win64.ActiveCfg = Development|Any CPU
		{0487A234-E78E-33DF-BEE8-92B51C5BBD1C}.Development|Win64.Build.0 = Development|Any CPU
		{0487A234-E78E-33DF-BEE8-92B51C5BBD1C}.Shipping|Win64.ActiveCfg = Development|Any CPU
		{0487A234-E78E-33DF-BEE8-92B51C5BBD1C}.Shipping|Win64.Build.0 = Development|Any CPU
		{F752C406-01FE-31B9-9F06-6F6BE3F98AD8}.DebugGame Editor|Win64.ActiveCfg = Development|Any CPU
		{F752C406-01FE-31B9-9F06-6F6BE3F98AD8}.DebugGame Editor|Win64.Build.0 = Development|Any CPU
		{F752C406-01FE-31B9-9F06-6F6BE3F98AD8}.DebugGame|Win64.ActiveCfg = Development|Any CPU
		{F752C406-01FE-31B9-9F06-6F6BE3F98AD8}.DebugGame|Win64.Build.0 = Development|Any CPU
		{F752C406-01FE-31B9-9F06-6F6BE3F98AD8}.Development Editor|Win64.ActiveCfg = Development|Any CPU
		{F752C406-01FE-31B9-9F06-6F6BE3F98AD8}.Development Editor|Win64.Build.0 = Development|Any CPU
		{F752C406-01FE-31B9-9F06-6F6BE3F98AD8}.Development|Win64.ActiveCfg = Development|Any CPU
		{F752C406-01FE-31B9-9F06-6F6BE3F98AD8}.Development|Win64.Build.0 = Development|Any CPU
		{F752C406-01FE-31B9-9F06-6F6BE3F98AD8}.Shipping|Win64.ActiveCfg = Development|Any CPU
		{F752C406-01FE-31B9-9F06-6F6BE3F98AD8}.Shipping|Win64.Build.0 = Development|Any CPU
		{70E32A16-8690-32AC-9B94-08B175CFC2ED}.DebugGame Editor|Win64.ActiveCfg = Development|Any CPU
		{70E32A16-8690-32AC-9B94-08B175CFC2ED}.DebugGame Editor|Win64.Build.0 = Development|Any CPU
		{70E32A16-8690-32AC-9B94-08B175CFC2ED}.DebugGame|Win64.ActiveCfg = Development|Any CPU
		{70E32A16-8690-32AC-9B94-08B175CFC2ED}.DebugGame|Win64.Build.0 = Development|Any CPU
		{70E32A16-8690-32AC-9B94-08B175CFC2ED}.Development Editor|Win64.ActiveCfg = Development|Any CPU
		{70E32A16-8690-32AC-9B94-08B175CFC2ED}.Development Editor|Win64.Build.0 = Development|Any CPU
		{70E32A16-8690-32AC-9B94-08B175CFC2ED}.Development|Win64.ActiveCfg = Development|Any CPU
		{70E32A16-8690-32AC-9B94-08B175CFC2ED}.Development|Win64.Build.0 = Development|Any CPU
		{70E32A16-8690-32AC-9B94-08B175CFC2ED}.Shipping|Win64.ActiveCfg = Development|Any CPU
		{70E32A16-8690-32AC-9B94-08B175CFC2ED}.Shipping|Win64.Build.0 = Development|Any CPU
		{C917DD70-43D1-3E7A-B8F3-94685679D7A3}.DebugGame Editor|Win64.ActiveCfg = Development|Any CPU
		{C917DD70-43D1-3E7A-B8F3-94685679D7A3}.DebugGame Editor|Win64.Build.0 = Development|Any CPU
		{C917DD70-43D1-3E7A-B8F3-94685679D7A3}.DebugGame|Win64.ActiveCfg = Development|Any CPU
		{C917DD70-43D1-3E7A-B8F3-94685679D7A3}.DebugGame|Win64.Build.0 = Development|Any CPU
		{C917DD70-43D1-3E7A-B8F3-94685679D7A3}.Development Editor|Win64.ActiveCfg = Development|Any CPU
		{C917DD70-43D1-3E7A-B8F3-94685679D7A3}.Development Editor|Win64.Build.0 = Development|Any CPU
		{C917DD70-43D1-3E7A-B8F3-94685679D7A3}.Development|Win64.ActiveCfg = Development|Any CPU
		{C917DD70-43D1-3E7A-B8F3-94685679D7A3}.Development|Win64.Build.0 = Development|Any CPU
		{C917DD70-43D1-3E7A-B8F3-94685679D7A3}.Shipping|Win64.ActiveCfg = Development|Any CPU
		{C917DD70-43D1-3E7A-B8F3-94685679D7A3}.Shipping|Win64.Build.0 = Development|Any CPU
		{2E05F4F8-7DE7-386E-8D2D-C795D0B1C9BF}.DebugGame Editor|Win64.ActiveCfg = Development|Any CPU
		{2E05F4F8-7DE7-386E-8D2D-C795D0B1C9BF}.DebugGame Editor|Win64.Build.0 = Development|Any CPU
		{2E05F4F8-7DE7-386E-8D2D-C795D0B1C9BF}.DebugGame|Win64.ActiveCfg = Development|Any CPU
		{2E05F4F8-7DE7-386E-8D2D-C795D0B1C9BF}.DebugGame|Win64.Build.0 = Development|Any CPU
		{2E05F4F8-7DE7-386E-8D2D-C795D0B1C9BF}.Development Editor|Win64.ActiveCfg = Development|Any CPU
		{2E05F4F8-7DE7-386E-8D2D-C795D0B1C9BF}.Development Editor|Win64.Build.0 = Development|Any CPU
		{2E05F4F8-7DE7-386E-8D2D-C795D0B1C9BF}.Development|Win64.ActiveCfg = Development|Any CPU
		{2E05F4F8-7DE7-386E-8D2D-C795D0B1C9BF}.Development|Win64.Build.0 = Development|Any CPU
		{2E05F4F8-7DE7-386E-8D2D-C795D0B1C9BF}.Shipping|Win64.ActiveCfg = Development|Any CPU
		{2E05F4F8-7DE7-386E-8D2D-C795D0B1C9BF}.Shipping|Win64.Build.0 = Development|Any CPU
		{9E1F914D-9439-3F52-8C51-AE82F7D37791}.DebugGame Editor|Win64.ActiveCfg = Development|Any CPU
		{9E1F914D-9439-3F52-8C51-AE82F7D37791}.DebugGame Editor|Win64.Build.0 = Development|Any CPU
		{9E1F914D-9439-3F52-8C51-AE82F7D37791}.DebugGame|Win64.ActiveCfg = Development|Any CPU
		{9E1F914D-9439-3F52-8C51-AE82F7D37791}.DebugGame|Win64.Build.0 = Development|Any CPU
		{9E1F914D-9439-3F52-8C51-AE82F7D37791}.Development Editor|Win64.ActiveCfg = Development|Any CPU
		{9E1F914D-9439-3F52-8C51-AE82F7D37791}.Development Editor|Win64.Build.0 = Development|Any CPU
		{9E1F914D-9439-3F52-8C51-AE82F7D37791}.Development|Win64.ActiveCfg = Development|Any CPU
		{9E1F914D-9439-3F52-8C51-AE82F7D37791}.Development|Win64.Build.0 = Development|Any CPU
		{9E1F914D-9439-3F52-8C51-AE82F7D37791}.Shipping|Win64.ActiveCfg = Development|Any CPU
		{9E1F914D-9439-3F52-8C51-AE82F7D37791}.Shipping|Win64.Build.0 = Development|Any CPU
		{C3D177F6-DC6F-3F7D-84AB-FE8DE2DD2AC3}.DebugGame Editor|Win64.ActiveCfg = Development|Any CPU
		{C3D177F6-DC6F-3F7D-84AB-FE8DE2DD2AC3}.DebugGame Editor|Win64.Build.0 = Development|Any CPU
		{C3D177F6-DC6F-3F7D-84AB-FE8DE2DD2AC3}.DebugGame|Win64.ActiveCfg = Development|Any CPU
		{C3D177F6-DC6F-3F7D-84AB-FE8DE2DD2AC3}.DebugGame|Win64.Build.0 = Development|Any CPU
		{C3D177F6-DC6F-3F7D-84AB-FE8DE2DD2AC3}.Development Editor|Win64.ActiveCfg = Development|Any CPU
		{C3D177F6-DC6F-3F7D-84AB-FE8DE2DD2AC3}.Development Editor|Win64.Build.0 = Development|Any CPU
		{C3D177F6-DC6F-3F7D-84AB-FE8DE2DD2AC3}.Development|Win64.ActiveCfg = Development|Any CPU
		{C3D177F6-DC6F-3F7D-84AB-FE8DE2DD2AC3}.Development|Win64.Build.0 = Development|Any CPU
		{C3D177F6-DC6F-3F7D-84AB-FE8DE2DD2AC3}.Shipping|Win64.ActiveCfg = Development|Any CPU
		{C3D177F6-DC6F-3F7D-84AB-FE8DE2DD2AC3}.Shipping|Win64.Build.0 = Development|Any CPU
		{212427B4-202D-3C3D-920F-A92E71AE64DD}.DebugGame Editor|Win64.ActiveCfg = Development|Any CPU
		{212427B4-202D-3C3D-920F-A92E71AE64DD}.DebugGame Editor|Win64.Build.0 = Development|Any CPU
		{212427B4-202D-3C3D-920F-A92E71AE64DD}.DebugGame|Win64.ActiveCfg = Development|Any CPU
		{212427B4-202D-3C3D-920F-A92E71AE64DD}.DebugGame|Win64.Build.0 = Development|Any CPU
		{212427B4-202D-3C3D-920F-A92E71AE64DD}.Development Editor|Win64.ActiveCfg = Development|Any CPU
		{212427B4-202D-3C3D-920F-A92E71AE64DD}.Development Editor|Win64.Build.0 = Development|Any CPU
		{212427B4-202D-3C3D-920F-A92E71AE64DD}.Development|Win64.ActiveCfg = Development|Any CPU
		{212427B4-202D-3C3D-920F-A92E71AE64DD}.Development|Win64.Build.0 = Development|Any CPU
		{212427B4-202D-3C3D-920F-A92E71AE64DD}.Shipping|Win64.ActiveCfg = Development|Any CPU
		{212427B4-202D-3C3D-920F-A92E71AE64DD}.Shipping|Win64.Build.0 = Development|Any CPU
		{0CBA985F-F88D-3147-9D36-035B3634AD26}.DebugGame Editor|Win64.ActiveCfg = Development|Any CPU
		{0CBA985F-F88D-3147-9D36-035B3634AD26}.DebugGame Editor|Win64.Build.0 = Development|Any CPU
		{0CBA985F-F88D-3147-9D36-035B3634AD26}.DebugGame|Win64.ActiveCfg = Development|Any CPU
		{0CBA985F-F88D-3147-9D36-035B3634AD26}.DebugGame|Win64.Build.0 = Development|Any CPU
		{0CBA985F-F88D-3147-9D36-035B3634AD26}.Development Editor|Win64.ActiveCfg = Development|Any CPU
		{0CBA985F-F88D-3147-9D36-035B3634AD26}.Development Editor|Win64.Build.0 = Development|Any CPU
		{0CBA985F-F88D-3147-9D36-035B3634AD26}.Development|Win64.ActiveCfg = Development|Any CPU
		{0CBA985F-F88D-3147-9D36-035B3634AD26}.Development|Win64.Build.0 = Development|Any CPU
		{0CBA985F-F88D-3147-9D36-035B3634AD26}.Shipping|Win64.ActiveCfg = Development|Any CPU
		{0CBA985F-F88D-3147-9D36-035B3634AD26}.Shipping|Win64.Build.0 = Development|Any CPU
		{E6689582-91BE-3B67-B760-F0D343106404}.DebugGame Editor|Win64.ActiveCfg = Development|Any CPU
		{E6689582-91BE-3B67-B760-F0D343106404}.DebugGame Editor|Win64.Build.0 = Development|Any CPU
		{E6689582-91BE-3B67-B760-F0D343106404}.DebugGame|Win64.ActiveCfg = Development|Any CPU
		{E6689582-91BE-3B67-B760-F0D343106404}.DebugGame|Win64.Build.0 = Development|Any CPU
		{E6689582-91BE-3B67-B760-F0D343106404}.Development Editor|Win64.ActiveCfg = Development|Any CPU
		{E6689582-91BE-3B67-B760-F0D343106404}.Development Editor|Win64.Build.0 = Development|Any CPU
		{E6689582-91BE-3B67-B760-F0D343106404}.Development|Win64.ActiveCfg = Development|Any CPU
		{E6689582-91BE-3B67-B760-F0D343106404}.Development|Win64.Build.0 = Development|Any CPU
		{E6689582-91BE-3B67-B760-F0D343106404}.Shipping|Win64.ActiveCfg = Development|Any CPU
		{E6689582-91BE-3B67-B760-F0D343106404}.Shipping|Win64.Build.0 = Development|Any CPU
		{490EE6BA-0F4E-388F-BB7D-CB2E9D8909B1}.DebugGame Editor|Win64.ActiveCfg = Development|Any CPU
		{490EE6BA-0F4E-388F-BB7D-CB2E9D8909B1}.DebugGame Editor|Win64.Build.0 = Development|Any CPU
		{490EE6BA-0F4E-388F-BB7D-CB2E9D8909B1}.DebugGame|Win64.ActiveCfg = Development|Any CPU
		{490EE6BA-0F4E-388F-BB7D-CB2E9D8909B1}.DebugGame|Win64.Build.0 = Development|Any CPU
		{490EE6BA-0F4E-388F-BB7D-CB2E9D8909B1}.Development Editor|Win64.ActiveCfg = Development|Any CPU
		{490EE6BA-0F4E-388F-BB7D-CB2E9D8909B1}.Development Editor|Win64.Build.0 = Development|Any CPU
		{490EE6BA-0F4E-388F-BB7D-CB2E9D8909B1}.Development|Win64.ActiveCfg = Development|Any CPU
		{490EE6BA-0F4E-388F-BB7D-CB2E9D8909B1}.Development|Win64.Build.0 = Development|Any CPU
		{490EE6BA-0F4E-388F-BB7D-CB2E9D8909B1}.Shipping|Win64.ActiveCfg = Development|Any CPU
		{490EE6BA-0F4E-388F-BB7D-CB2E9D8909B1}.Shipping|Win64.Build.0 = Development|Any CPU
		{DF859B96-56FF-3870-B384-F01A305F4B6E}.DebugGame Editor|Win64.ActiveCfg = Development|Any CPU
		{DF859B96-56FF-3870-B384-F01A305F4B6E}.DebugGame Editor|Win64.Build.0 = Development|Any CPU
		{DF859B96-56FF-3870-B384-F01A305F4B6E}.DebugGame|Win64.ActiveCfg = Development|Any CPU
		{DF859B96-56FF-3870-B384-F01A305F4B6E}.DebugGame|Win64.Build.0 = Development|Any CPU
		{DF859B96-56FF-3870-B384-F01A305F4B6E}.Development Editor|Win64.ActiveCfg = Development|Any CPU
		{DF859B96-56FF-3870-B384-F01A305F4B6E}.Development Editor|Win64.Build.0 = Development|Any CPU
		{DF859B96-56FF-3870-B384-F01A305F4B6E}.Development|Win64.ActiveCfg = Development|Any CPU
		{DF859B96-56FF-3870-B384-F01A305F4B6E}.Development|Win64.Build.0 = Development|Any CPU
		{DF859B96-56FF-3870-B384-F01A305F4B6E}.Shipping|Win64.ActiveCfg = Development|Any CPU
		{DF859B96-56FF-3870-B384-F01A305F4B6E}.Shipping|Win64.Build.0 = Development|Any CPU
		{40C3B1B6-4720-38FA-9E01-D680A244F7EC}.DebugGame Editor|Win64.ActiveCfg = Development|Any CPU
		{40C3B1B6-4720-38FA-9E01-D680A244F7EC}.DebugGame Editor|Win64.Build.0 = Development|Any CPU
		{40C3B1B6-4720-38FA-9E01-D680A244F7EC}.DebugGame|Win64.ActiveCfg = Development|Any CPU
		{40C3B1B6-4720-38FA-9E01-D680A244F7EC}.DebugGame|Win64.Build.0 = Development|Any CPU
		{40C3B1B6-4720-38FA-9E01-D680A244F7EC}.Development Editor|Win64.ActiveCfg = Development|Any CPU
		{40C3B1B6-4720-38FA-9E01-D680A244F7EC}.Development Editor|Win64.Build.0 = Development|Any CPU
		{40C3B1B6-4720-38FA-9E01-D680A244F7EC}.Development|Win64.ActiveCfg = Development|Any CPU
		{40C3B1B6-4720-38FA-9E01-D680A244F7EC}.Development|Win64.Build.0 = Development|Any CPU
		{40C3B1B6-4720-38FA-9E01-D680A244F7EC}.Shipping|Win64.ActiveCfg = Development|Any CPU
		{40C3B1B6-4720-38FA-9E01-D680A244F7EC}.Shipping|Win64.Build.0 = Development|Any CPU
		{AA30929E-CD33-3527-8A5A-668267E84969}.DebugGame Editor|Win64.ActiveCfg = Development|Any CPU
		{AA30929E-CD33-3527-8A5A-668267E84969}.DebugGame Editor|Win64.Build.0 = Development|Any CPU
		{AA30929E-CD33-3527-8A5A-668267E84969}.DebugGame|Win64.ActiveCfg = Development|Any CPU
		{AA30929E-CD33-3527-8A5A-668267E84969}.DebugGame|Win64.Build.0 = Development|Any CPU
		{AA30929E-CD33-3527-8A5A-668267E84969}.Development Editor|Win64.ActiveCfg = Development|Any CPU
		{AA30929E-CD33-3527-8A5A-668267E84969}.Development Editor|Win64.Build.0 = Development|Any CPU
		{AA30929E-CD33-3527-8A5A-668267E84969}.Development|Win64.ActiveCfg = Development|Any CPU
		{AA30929E-CD33-3527-8A5A-668267E84969}.Development|Win64.Build.0 = Development|Any CPU
		{AA30929E-CD33-3527-8A5A-668267E84969}.Shipping|Win64.ActiveCfg = Development|Any CPU
		{AA30929E-CD33-3527-8A5A-668267E84969}.Shipping|Win64.Build.0 = Development|Any CPU
		{12372838-E759-36B0-AF32-32A1AF004E8C}.DebugGame Editor|Win64.ActiveCfg = Development|Any CPU
		{12372838-E759-36B0-AF32-32A1AF004E8C}.DebugGame Editor|Win64.Build.0 = Development|Any CPU
		{12372838-E759-36B0-AF32-32A1AF004E8C}.DebugGame|Win64.ActiveCfg = Development|Any CPU
		{12372838-E759-36B0-AF32-32A1AF004E8C}.DebugGame|Win64.Build.0 = Development|Any CPU
		{12372838-E759-36B0-AF32-32A1AF004E8C}.Development Editor|Win64.ActiveCfg = Development|Any CPU
		{12372838-E759-36B0-AF32-32A1AF004E8C}.Development Editor|Win64.Build.0 = Development|Any CPU
		{12372838-E759-36B0-AF32-32A1AF004E8C}.Development|Win64.ActiveCfg = Development|Any CPU
		{12372838-E759-36B0-AF32-32A1AF004E8C}.Development|Win64.Build.0 = Development|Any CPU
		{12372838-E759-36B0-AF32-32A1AF004E8C}.Shipping|Win64.ActiveCfg = Development|Any CPU
		{12372838-E759-36B0-AF32-32A1AF004E8C}.Shipping|Win64.Build.0 = Development|Any CPU
		{9A26AF0D-EB29-3DE3-83CF-1A4F7BCDE150}.DebugGame Editor|Win64.ActiveCfg = Development|Any CPU
		{9A26AF0D-EB29-3DE3-83CF-1A4F7BCDE150}.DebugGame Editor|Win64.Build.0 = Development|Any CPU
		{9A26AF0D-EB29-3DE3-83CF-1A4F7BCDE150}.DebugGame|Win64.ActiveCfg = Development|Any CPU
		{9A26AF0D-EB29-3DE3-83CF-1A4F7BCDE150}.DebugGame|Win64.Build.0 = Development|Any CPU
		{9A26AF0D-EB29-3DE3-83CF-1A4F7BCDE150}.Development Editor|Win64.ActiveCfg = Development|Any CPU
		{9A26AF0D-EB29-3DE3-83CF-1A4F7BCDE150}.Development Editor|Win64.Build.0 = Development|Any CPU
		{9A26AF0D-EB29-3DE3-83CF-1A4F7BCDE150}.Development|Win64.ActiveCfg = Development|Any CPU
		{9A26AF0D-EB29-3DE3-83CF-1A4F7BCDE150}.Development|Win64.Build.0 = Development|Any CPU
		{9A26AF0D-EB29-3DE3-83CF-1A4F7BCDE150}.Shipping|Win64.ActiveCfg = Development|Any CPU
		{9A26AF0D-EB29-3DE3-83CF-1A4F7BCDE150}.Shipping|Win64.Build.0 = Development|Any CPU
		{F39F8D0C-6695-326E-A944-C9B94D44C891}.DebugGame Editor|Win64.ActiveCfg = Development|Any CPU
		{F39F8D0C-6695-326E-A944-C9B94D44C891}.DebugGame Editor|Win64.Build.0 = Development|Any CPU
		{F39F8D0C-6695-326E-A944-C9B94D44C891}.DebugGame|Win64.ActiveCfg = Development|Any CPU
		{F39F8D0C-6695-326E-A944-C9B94D44C891}.DebugGame|Win64.Build.0 = Development|Any CPU
		{F39F8D0C-6695-326E-A944-C9B94D44C891}.Development Editor|Win64.ActiveCfg = Development|Any CPU
		{F39F8D0C-6695-326E-A944-C9B94D44C891}.Development Editor|Win64.Build.0 = Development|Any CPU
		{F39F8D0C-6695-326E-A944-C9B94D44C891}.Development|Win64.ActiveCfg = Development|Any CPU
		{F39F8D0C-6695-326E-A944-C9B94D44C891}.Development|Win64.Build.0 = Development|Any CPU
		{F39F8D0C-6695-326E-A944-C9B94D44C891}.Shipping|Win64.ActiveCfg = Development|Any CPU
		{F39F8D0C-6695-326E-A944-C9B94D44C891}.Shipping|Win64.Build.0 = Development|Any CPU
		{0A64F9B6-BAB1-3E50-830D-07440344D7F3}.DebugGame Editor|Win64.ActiveCfg = Development|Any CPU
		{0A64F9B6-BAB1-3E50-830D-07440344D7F3}.DebugGame Editor|Win64.Build.0 = Development|Any CPU
		{0A64F9B6-BAB1-3E50-830D-07440344D7F3}.DebugGame|Win64.ActiveCfg = Development|Any CPU
		{0A64F9B6-BAB1-3E50-830D-07440344D7F3}.DebugGame|Win64.Build.0 = Development|Any CPU
		{0A64F9B6-BAB1-3E50-830D-07440344D7F3}.Development Editor|Win64.ActiveCfg = Development|Any CPU
		{0A64F9B6-BAB1-3E50-830D-07440344D7F3}.Development Editor|Win64.Build.0 = Development|Any CPU
		{0A64F9B6-BAB1-3E50-830D-07440344D7F3}.Development|Win64.ActiveCfg = Development|Any CPU
		{0A64F9B6-BAB1-3E50-830D-07440344D7F3}.Development|Win64.Build.0 = Development|Any CPU
		{0A64F9B6-BAB1-3E50-830D-07440344D7F3}.Shipping|Win64.ActiveCfg = Development|Any CPU
		{0A64F9B6-BAB1-3E50-830D-07440344D7F3}.Shipping|Win64.Build.0 = Development|Any CPU
		{04FE0F2F-3A3E-3B61-B76F-EF07FEED658C}.DebugGame Editor|Win64.ActiveCfg = Development|Any CPU
		{04FE0F2F-3A3E-3B61-B76F-EF07FEED658C}.DebugGame Editor|Win64.Build.0 = Development|Any CPU
		{04FE0F2F-3A3E-3B61-B76F-EF07FEED658C}.DebugGame|Win64.ActiveCfg = Development|Any CPU
		{04FE0F2F-3A3E-3B61-B76F-EF07FEED658C}.DebugGame|Win64.Build.0 = Development|Any CPU
		{04FE0F2F-3A3E-3B61-B76F-EF07FEED658C}.Development Editor|Win64.ActiveCfg = Development|Any CPU
		{04FE0F2F-3A3E-3B61-B76F-EF07FEED658C}.Development Editor|Win64.Build.0 = Development|Any CPU
		{04FE0F2F-3A3E-3B61-B76F-EF07FEED658C}.Development|Win64.ActiveCfg = Development|Any CPU
		{04FE0F2F-3A3E-3B61-B76F-EF07FEED658C}.Development|Win64.Build.0 = Development|Any CPU
		{04FE0F2F-3A3E-3B61-B76F-EF07FEED658C}.Shipping|Win64.ActiveCfg = Development|Any CPU
		{04FE0F2F-3A3E-3B61-B76F-EF07FEED658C}.Shipping|Win64.Build.0 = Development|Any CPU
	EndGlobalSection
	GlobalSection(SolutionProperties) = preSolution
		HideSolutionNode = FALSE
	EndGlobalSection
	GlobalSection(NestedProjects) = preSolution
		{0BFBE63A-B98A-3411-8EEB-8918FEC737B3} = {A338B9E2-A559-34BE-A46D-F789DD488FAD}
		{57713676-9DBE-331C-AD10-26632AC9EE0C} = {A338B9E2-A559-34BE-A46D-F789DD488FAD}
		{7B5CFB44-F0FB-31DF-AE62-C3C096A29A7B} = {A338B9E2-A559-34BE-A46D-F789DD488FAD}
		{1859B418-BA68-3C59-A40B-9A7D1A493AC4} = {DE1F8B53-6C02-3C13-9101-A7C8D96F3FF6}
		{B0ABBF80-7A70-370B-8AD4-8BDF486D7A19} = {233774A8-CC9D-3FA9-86D1-90573E92B704}
		{9B435175-F146-3A23-94F9-8AE68F08604F} = {A338B9E2-A559-34BE-A46D-F789DD488FAD}
		{D2222733-26F0-33C6-97F1-16B4A17694C5} = {A338B9E2-A559-34BE-A46D-F789DD488FAD}
		{48987065-ECD2-3330-A142-AAAC4ADC5AED} = {0BFBE63A-B98A-3411-8EEB-8918FEC737B3}
		{27476370-02DB-391E-A835-8A07F91C2A55} = {0BFBE63A-B98A-3411-8EEB-8918FEC737B3}
		{9143E8A8-0714-3D51-B37A-F5B6157AB887} = {0BFBE63A-B98A-3411-8EEB-8918FEC737B3}
		{476D893A-E242-303B-8EE8-DB43668D4DAF} = {0BFBE63A-B98A-3411-8EEB-8918FEC737B3}
		{B70A843C-3C2B-3823-B890-3CCB6964166B} = {0BFBE63A-B98A-3411-8EEB-8918FEC737B3}
		{92D4E98E-57C6-3C46-829E-C415374C371E} = {0BFBE63A-B98A-3411-8EEB-8918FEC737B3}
		{BF021678-7656-30C2-9023-93A6025F653D} = {0BFBE63A-B98A-3411-8EEB-8918FEC737B3}
		{B2367951-2621-3D77-9D95-047253BF3EEC} = {0BFBE63A-B98A-3411-8EEB-8918FEC737B3}
		{28A8C3C7-DFED-3D7E-9EB9-673F4A7456E2} = {0BFBE63A-B98A-3411-8EEB-8918FEC737B3}
		{542D3E42-5687-3F71-A819-FA45D74D05E5} = {0BFBE63A-B98A-3411-8EEB-8918FEC737B3}
		{07E601FD-0CC2-37F9-9D51-68290249416D} = {0BFBE63A-B98A-3411-8EEB-8918FEC737B3}
		{3E8B4C0E-B5A0-300F-9975-3BAFD698E450} = {0BFBE63A-B98A-3411-8EEB-8918FEC737B3}
		{E13A6A12-B4CB-3323-960E-48718CD5DDA2} = {0BFBE63A-B98A-3411-8EEB-8918FEC737B3}
		{5D8DA813-F90D-3291-83EB-C74F66438F65} = {0BFBE63A-B98A-3411-8EEB-8918FEC737B3}
		{B527ADDF-AF13-37C4-9EAC-1AB72AEB8F50} = {0BFBE63A-B98A-3411-8EEB-8918FEC737B3}
		{2570FCB1-2116-3806-857D-110B4BBE3461} = {0BFBE63A-B98A-3411-8EEB-8918FEC737B3}
		{CA6B880A-18EC-3BBD-9118-DC945723DB3A} = {0BFBE63A-B98A-3411-8EEB-8918FEC737B3}
		{8A3630C4-D5D4-3D1E-B594-1FA7EB61B9FB} = {0BFBE63A-B98A-3411-8EEB-8918FEC737B3}
		{D22EFD08-2091-3C86-8A7E-A6C2B4C7595A} = {0BFBE63A-B98A-3411-8EEB-8918FEC737B3}
		{6D432EAD-52CD-37C2-BB34-2E4F15D5A261} = {0BFBE63A-B98A-3411-8EEB-8918FEC737B3}
		{612CDCB2-0C80-3295-9A05-D17E4A4B9F43} = {7B5CFB44-F0FB-31DF-AE62-C3C096A29A7B}
		{E4C17E68-B850-39D9-B3BE-F413FBADC84E} = {57713676-9DBE-331C-AD10-26632AC9EE0C}
		{A4233639-82F7-3A5F-B24E-977C27021461} = {57713676-9DBE-331C-AD10-26632AC9EE0C}
		{E88EE22D-EDCF-3C82-B4AD-36EC374D3537} = {57713676-9DBE-331C-AD10-26632AC9EE0C}
		{36F5DA53-3B83-3682-BEA3-3C1BFDB7E287} = {57713676-9DBE-331C-AD10-26632AC9EE0C}
		{7E2081AB-81E0-3F3E-BF04-2C490FA1871F} = {57713676-9DBE-331C-AD10-26632AC9EE0C}
		{0487A234-E78E-33DF-BEE8-92B51C5BBD1C} = {57713676-9DBE-331C-AD10-26632AC9EE0C}
		{F752C406-01FE-31B9-9F06-6F6BE3F98AD8} = {57713676-9DBE-331C-AD10-26632AC9EE0C}
		{70E32A16-8690-32AC-9B94-08B175CFC2ED} = {57713676-9DBE-331C-AD10-26632AC9EE0C}
		{C917DD70-43D1-3E7A-B8F3-94685679D7A3} = {57713676-9DBE-331C-AD10-26632AC9EE0C}
		{2E05F4F8-7DE7-386E-8D2D-C795D0B1C9BF} = {57713676-9DBE-331C-AD10-26632AC9EE0C}
		{9E1F914D-9439-3F52-8C51-AE82F7D37791} = {57713676-9DBE-331C-AD10-26632AC9EE0C}
		{C3D177F6-DC6F-3F7D-84AB-FE8DE2DD2AC3} = {57713676-9DBE-331C-AD10-26632AC9EE0C}
		{212427B4-202D-3C3D-920F-A92E71AE64DD} = {57713676-9DBE-331C-AD10-26632AC9EE0C}
		{0CBA985F-F88D-3147-9D36-035B3634AD26} = {57713676-9DBE-331C-AD10-26632AC9EE0C}
		{E6689582-91BE-3B67-B760-F0D343106404} = {57713676-9DBE-331C-AD10-26632AC9EE0C}
		{490EE6BA-0F4E-388F-BB7D-CB2E9D8909B1} = {57713676-9DBE-331C-AD10-26632AC9EE0C}
		{DF859B96-56FF-3870-B384-F01A305F4B6E} = {57713676-9DBE-331C-AD10-26632AC9EE0C}
		{40C3B1B6-4720-38FA-9E01-D680A244F7EC} = {57713676-9DBE-331C-AD10-26632AC9EE0C}
		{AA30929E-CD33-3527-8A5A-668267E84969} = {57713676-9DBE-331C-AD10-26632AC9EE0C}
		{12372838-E759-36B0-AF32-32A1AF004E8C} = {57713676-9DBE-331C-AD10-26632AC9EE0C}
		{9A26AF0D-EB29-3DE3-83CF-1A4F7BCDE150} = {C2F57ECE-B26F-39D8-BDA7-C1D40BD8F180}
		{F39F8D0C-6695-326E-A944-C9B94D44C891} = {C2F57ECE-B26F-39D8-BDA7-C1D40BD8F180}
		{0A64F9B6-BAB1-3E50-830D-07440344D7F3} = {C2F57ECE-B26F-39D8-BDA7-C1D40BD8F180}
		{04FE0F2F-3A3E-3B61-B76F-EF07FEED658C} = {C2F57ECE-B26F-39D8-BDA7-C1D40BD8F180}
	EndGlobalSection
	GlobalSection(ExtensibilityGlobals) = postSolution
		SolutionGuid = {5E63B021-918F-4B33-8BCA-7C101A911D74}
	EndGlobalSection
	GlobalSection(ddbf523f-7eb6-4887-bd51-85a714ff87eb) = preSolution
		AvailablePlatforms = Win64
	EndGlobalSection
EndGlobal
